// !$*UTF8*$!
{
	archiveVersion = 1;
	classes = {
	};
	objectVersion = 50;
	objects = {

/* Begin PBXBuildFile section */
		A14BDD62240168B5003A0058 /* AppDelegate.swift in Sources */ = {isa = PBXBuildFile; fileRef = A14BDD61240168B5003A0058 /* AppDelegate.swift */; };
		A14BDD64240168B5003A0058 /* SceneDelegate.swift in Sources */ = {isa = PBXBuildFile; fileRef = A14BDD63240168B5003A0058 /* SceneDelegate.swift */; };
		A14BDD66240168B5003A0058 /* ContentView.swift in Sources */ = {isa = PBXBuildFile; fileRef = A14BDD65240168B5003A0058 /* ContentView.swift */; };
		A14BDD68240168B7003A0058 /* Assets.xcassets in Resources */ = {isa = PBXBuildFile; fileRef = A14BDD67240168B7003A0058 /* Assets.xcassets */; };
		A14BDD6B240168B7003A0058 /* Preview Assets.xcassets in Resources */ = {isa = PBXBuildFile; fileRef = A14BDD6A240168B7003A0058 /* Preview Assets.xcassets */; };
		A14BDD6E240168B7003A0058 /* LaunchScreen.storyboard in Resources */ = {isa = PBXBuildFile; fileRef = A14BDD6C240168B7003A0058 /* LaunchScreen.storyboard */; };
/* End PBXBuildFile section */

/* Begin PBXFileReference section */
		A14BDD5E240168B5003A0058 /* OhMyCelsius.app */ = {isa = PBXFileReference; explicitFileType = wrapper.application; includeInIndex = 0; path = OhMyCelsius.app; sourceTree = BUILT_PRODUCTS_DIR; };
		A14BDD61240168B5003A0058 /* AppDelegate.swift */ = {isa = PBXFileReference; lastKnownFileType = sourcecode.swift; path = AppDelegate.swift; sourceTree = "<group>"; };
		A14BDD63240168B5003A0058 /* SceneDelegate.swift */ = {isa = PBXFileReference; lastKnownFileType = sourcecode.swift; path = SceneDelegate.swift; sourceTree = "<group>"; };
		A14BDD65240168B5003A0058 /* ContentView.swift */ = {isa = PBXFileReference; lastKnownFileType = sourcecode.swift; path = ContentView.swift; sourceTree = "<group>"; };
		A14BDD67240168B7003A0058 /* Assets.xcassets */ = {isa = PBXFileReference; lastKnownFileType = folder.assetcatalog; path = Assets.xcassets; sourceTree = "<group>"; };
		A14BDD6A240168B7003A0058 /* Preview Assets.xcassets */ = {isa = PBXFileReference; lastKnownFileType = folder.assetcatalog; path = "Preview Assets.xcassets"; sourceTree = "<group>"; };
		A14BDD6D240168B7003A0058 /* Base */ = {isa = PBXFileReference; lastKnownFileType = file.storyboard; name = Base; path = Base.lproj/LaunchScreen.storyboard; sourceTree = "<group>"; };
		A14BDD6F240168B7003A0058 /* Info.plist */ = {isa = PBXFileReference; lastKnownFileType = text.plist.xml; path = Info.plist; sourceTree = "<group>"; };
/* End PBXFileReference section */

/* Begin PBXFrameworksBuildPhase section */
		A14BDD5B240168B5003A0058 /* Frameworks */ = {
			isa = PBXFrameworksBuildPhase;
			buildActionMask = 2147483647;
			files = (
			);
			runOnlyForDeploymentPostprocessing = 0;
		};
/* End PBXFrameworksBuildPhase section */

/* Begin PBXGroup section */
		A14BDD55240168B4003A0058 = {
			isa = PBXGroup;
			children = (
				A14BDD60240168B5003A0058 /* OhMyCelsius */,
				A14BDD5F240168B5003A0058 /* Products */,
			);
			sourceTree = "<group>";
		};
		A14BDD5F240168B5003A0058 /* Products */ = {
			isa = PBXGroup;
			children = (
				A14BDD5E240168B5003A0058 /* OhMyCelsius.app */,
			);
			name = Products;
			sourceTree = "<group>";
		};
		A14BDD60240168B5003A0058 /* OhMyCelsius */ = {
			isa = PBXGroup;
			children = (
				A14BDD61240168B5003A0058 /* AppDelegate.swift */,
				A14BDD63240168B5003A0058 /* SceneDelegate.swift */,
				A14BDD65240168B5003A0058 /* ContentView.swift */,
				A14BDD67240168B7003A0058 /* Assets.xcassets */,
				A14BDD6C240168B7003A0058 /* LaunchScreen.storyboard */,
				A14BDD6F240168B7003A0058 /* Info.plist */,
				A14BDD69240168B7003A0058 /* Preview Content */,
			);
			path = OhMyCelsius;
			sourceTree = "<group>";
		};
		A14BDD69240168B7003A0058 /* Preview Content */ = {
			isa = PBXGroup;
			children = (
				A14BDD6A240168B7003A0058 /* Preview Assets.xcassets */,
			);
			path = "Preview Content";
			sourceTree = "<group>";
		};
/* End PBXGroup section */

/* Begin PBXNativeTarget section */
		A14BDD5D240168B5003A0058 /* OhMyCelsius */ = {
			isa = PBXNativeTarget;
			buildConfigurationList = A14BDD72240168B7003A0058 /* Build configuration list for PBXNativeTarget "OhMyCelsius" */;
			buildPhases = (
				A14BDD5A240168B5003A0058 /* Sources */,
				A14BDD5B240168B5003A0058 /* Frameworks */,
				A14BDD5C240168B5003A0058 /* Resources */,
			);
			buildRules = (
			);
			dependencies = (
			);
			name = OhMyCelsius;
			productName = OhMyCelsius;
			productReference = A14BDD5E240168B5003A0058 /* OhMyCelsius.app */;
			productType = "com.apple.product-type.application";
		};
/* End PBXNativeTarget section */

/* Begin PBXProject section */
		A14BDD56240168B4003A0058 /* Project object */ = {
			isa = PBXProject;
			attributes = {
				LastSwiftUpdateCheck = 1130;
				LastUpgradeCheck = 1130;
				ORGANIZATIONNAME = "Munir Wanis";
				TargetAttributes = {
					A14BDD5D240168B5003A0058 = {
						CreatedOnToolsVersion = 11.3.1;
					};
				};
			};
			buildConfigurationList = A14BDD59240168B4003A0058 /* Build configuration list for PBXProject "OhMyCelsius" */;
			compatibilityVersion = "Xcode 9.3";
			developmentRegion = en;
			hasScannedForEncodings = 0;
			knownRegions = (
				en,
				Base,
			);
			mainGroup = A14BDD55240168B4003A0058;
			productRefGroup = A14BDD5F240168B5003A0058 /* Products */;
			projectDirPath = "";
			projectRoot = "";
			targets = (
				A14BDD5D240168B5003A0058 /* OhMyCelsius */,
			);
		};
/* End PBXProject section */

/* Begin PBXResourcesBuildPhase section */
		A14BDD5C240168B5003A0058 /* Resources */ = {
			isa = PBXResourcesBuildPhase;
			buildActionMask = 2147483647;
			files = (
				A14BDD6E240168B7003A0058 /* LaunchScreen.storyboard in Resources */,
				A14BDD6B240168B7003A0058 /* Preview Assets.xcassets in Resources */,
				A14BDD68240168B7003A0058 /* Assets.xcassets in Resources */,
			);
			runOnlyForDeploymentPostprocessing = 0;
		};
/* End PBXResourcesBuildPhase section */

/* Begin PBXSourcesBuildPhase section */
		A14BDD5A240168B5003A0058 /* Sources */ = {
			isa = PBXSourcesBuildPhase;
			buildActionMask = 2147483647;
			files = (
				A14BDD62240168B5003A0058 /* AppDelegate.swift in Sources */,
				A14BDD64240168B5003A0058 /* SceneDelegate.swift in Sources */,
				A14BDD66240168B5003A0058 /* ContentView.swift in Sources */,
			);
			runOnlyForDeploymentPostprocessing = 0;
		};
/* End PBXSourcesBuildPhase section */

/* Begin PBXVariantGroup section */
		A14BDD6C240168B7003A0058 /* LaunchScreen.storyboard */ = {
			isa = PBXVariantGroup;
			children = (
				A14BDD6D240168B7003A0058 /* Base */,
			);
			name = LaunchScreen.storyboard;
			sourceTree = "<group>";
		};
/* End PBXVariantGroup section */

/* Begin XCBuildConfiguration section */
		A14BDD70240168B7003A0058 /* Debug */ = {
			isa = XCBuildConfiguration;
			buildSettings = {
				ALWAYS_SEARCH_USER_PATHS = NO;
				CLANG_ANALYZER_NONNULL = YES;
				CLANG_ANALYZER_NUMBER_OBJECT_CONVERSION = YES_AGGRESSIVE;
				CLANG_CXX_LANGUAGE_STANDARD = "gnu++14";
				CLANG_CXX_LIBRARY = "libc++";
				CLANG_ENABLE_MODULES = YES;
				CLANG_ENABLE_OBJC_ARC = YES;
				CLANG_ENABLE_OBJC_WEAK = YES;
				CLANG_WARN_BLOCK_CAPTURE_AUTORELEASING = YES;
				CLANG_WARN_BOOL_CONVERSION = YES;
				CLANG_WARN_COMMA = YES;
				CLANG_WARN_CONSTANT_CONVERSION = YES;
				CLANG_WARN_DEPRECATED_OBJC_IMPLEMENTATIONS = YES;
				CLANG_WARN_DIRECT_OBJC_ISA_USAGE = YES_ERROR;
				CLANG_WARN_DOCUMENTATION_COMMENTS = YES;
				CLANG_WARN_EMPTY_BODY = YES;
				CLANG_WARN_ENUM_CONVERSION = YES;
				CLANG_WARN_INFINITE_RECURSION = YES;
				CLANG_WARN_INT_CONVERSION = YES;
				CLANG_WARN_NON_LITERAL_NULL_CONVERSION = YES;
				CLANG_WARN_OBJC_IMPLICIT_RETAIN_SELF = YES;
				CLANG_WARN_OBJC_LITERAL_CONVERSION = YES;
				CLANG_WARN_OBJC_ROOT_CLASS = YES_ERROR;
				CLANG_WARN_RANGE_LOOP_ANALYSIS = YES;
				CLANG_WARN_STRICT_PROTOTYPES = YES;
				CLANG_WARN_SUSPICIOUS_MOVE = YES;
				CLANG_WARN_UNGUARDED_AVAILABILITY = YES_AGGRESSIVE;
				CLANG_WARN_UNREACHABLE_CODE = YES;
				CLANG_WARN__DUPLICATE_METHOD_MATCH = YES;
				COPY_PHASE_STRIP = NO;
				DEBUG_INFORMATION_FORMAT = dwarf;
				ENABLE_STRICT_OBJC_MSGSEND = YES;
				ENABLE_TESTABILITY = YES;
				GCC_C_LANGUAGE_STANDARD = gnu11;
				GCC_DYNAMIC_NO_PIC = NO;
				GCC_NO_COMMON_BLOCKS = YES;
				GCC_OPTIMIZATION_LEVEL = 0;
				GCC_PREPROCESSOR_DEFINITIONS = (
					"DEBUG=1",
					"$(inherited)",
				);
				GCC_WARN_64_TO_32_BIT_CONVERSION = YES;
				GCC_WARN_ABOUT_RETURN_TYPE = YES_ERROR;
				GCC_WARN_UNDECLARED_SELECTOR = YES;
				GCC_WARN_UNINITIALIZED_AUTOS = YES_AGGRESSIVE;
				GCC_WARN_UNUSED_FUNCTION = YES;
				GCC_WARN_UNUSED_VARIABLE = YES;
				IPHONEOS_DEPLOYMENT_TARGET = 13.2;
				MTL_ENABLE_DEBUG_INFO = INCLUDE_SOURCE;
				MTL_FAST_MATH = YES;
				ONLY_ACTIVE_ARCH = YES;
				SDKROOT = iphoneos;
				SWIFT_ACTIVE_COMPILATION_CONDITIONS = DEBUG;
				SWIFT_OPTIMIZATION_LEVEL = "-Onone";
			};
			name = Debug;
		};
		A14BDD71240168B7003A0058 /* Release */ = {
			isa = XCBuildConfiguration;
			buildSettings = {
				ALWAYS_SEARCH_USER_PATHS = NO;
				CLANG_ANALYZER_NONNULL = YES;
				CLANG_ANALYZER_NUMBER_OBJECT_CONVERSION = YES_AGGRESSIVE;
				CLANG_CXX_LANGUAGE_STANDARD = "gnu++14";
				CLANG_CXX_LIBRARY = "libc++";
				CLANG_ENABLE_MODULES = YES;
				CLANG_ENABLE_OBJC_ARC = YES;
				CLANG_ENABLE_OBJC_WEAK = YES;
				CLANG_WARN_BLOCK_CAPTURE_AUTORELEASING = YES;
				CLANG_WARN_BOOL_CONVERSION = YES;
				CLANG_WARN_COMMA = YES;
				CLANG_WARN_CONSTANT_CONVERSION = YES;
				CLANG_WARN_DEPRECATED_OBJC_IMPLEMENTATIONS = YES;
				CLANG_WARN_DIRECT_OBJC_ISA_USAGE = YES_ERROR;
				CLANG_WARN_DOCUMENTATION_COMMENTS = YES;
				CLANG_WARN_EMPTY_BODY = YES;
				CLANG_WARN_ENUM_CONVERSION = YES;
				CLANG_WARN_INFINITE_RECURSION = YES;
				CLANG_WARN_INT_CONVERSION = YES;
				CLANG_WARN_NON_LITERAL_NULL_CONVERSION = YES;
				CLANG_WARN_OBJC_IMPLICIT_RETAIN_SELF = YES;
				CLANG_WARN_OBJC_LITERAL_CONVERSION = YES;
				CLANG_WARN_OBJC_ROOT_CLASS = YES_ERROR;
				CLANG_WARN_RANGE_LOOP_ANALYSIS = YES;
				CLANG_WARN_STRICT_PROTOTYPES = YES;
				CLANG_WARN_SUSPICIOUS_MOVE = YES;
				CLANG_WARN_UNGUARDED_AVAILABILITY = YES_AGGRESSIVE;
				CLANG_WARN_UNREACHABLE_CODE = YES;
				CLANG_WARN__DUPLICATE_METHOD_MATCH = YES;
				COPY_PHASE_STRIP = NO;
				DEBUG_INFORMATION_FORMAT = "dwarf-with-dsym";
				ENABLE_NS_ASSERTIONS = NO;
				ENABLE_STRICT_OBJC_MSGSEND = YES;
				GCC_C_LANGUAGE_STANDARD = gnu11;
				GCC_NO_COMMON_BLOCKS = YES;
				GCC_WARN_64_TO_32_BIT_CONVERSION = YES;
				GCC_WARN_ABOUT_RETURN_TYPE = YES_ERROR;
				GCC_WARN_UNDECLARED_SELECTOR = YES;
				GCC_WARN_UNINITIALIZED_AUTOS = YES_AGGRESSIVE;
				GCC_WARN_UNUSED_FUNCTION = YES;
				GCC_WARN_UNUSED_VARIABLE = YES;
				IPHONEOS_DEPLOYMENT_TARGET = 13.2;
				MTL_ENABLE_DEBUG_INFO = NO;
				MTL_FAST_MATH = YES;
				SDKROOT = iphoneos;
				SWIFT_COMPILATION_MODE = wholemodule;
				SWIFT_OPTIMIZATION_LEVEL = "-O";
				VALIDATE_PRODUCT = YES;
			};
			name = Release;
		};
		A14BDD73240168B7003A0058 /* Debug */ = {
			isa = XCBuildConfiguration;
			buildSettings = {
				ASSETCATALOG_COMPILER_APPICON_NAME = AppIcon;
				CODE_SIGN_STYLE = Automatic;
				DEVELOPMENT_ASSET_PATHS = "\"OhMyCelsius/Preview Content\"";
				DEVELOPMENT_TEAM = H4K48S49BZ;
				ENABLE_PREVIEWS = YES;
				INFOPLIST_FILE = OhMyCelsius/Info.plist;
				LD_RUNPATH_SEARCH_PATHS = (
					"$(inherited)",
					"@executable_path/Frameworks",
				);
				PRODUCT_BUNDLE_IDENTIFIER = com.wanis.OhMyCelsius;
				PRODUCT_NAME = "$(TARGET_NAME)";
				SWIFT_VERSION = 5.0;
				TARGETED_DEVICE_FAMILY = "1,2";
			};
			name = Debug;
		};
		A14BDD74240168B7003A0058 /* Release */ = {
			isa = XCBuildConfiguration;
			buildSettings = {
				ASSETCATALOG_COMPILER_APPICON_NAME = AppIcon;
				CODE_SIGN_STYLE = Automatic;
				DEVELOPMENT_ASSET_PATHS = "\"OhMyCelsius/Preview Content\"";
				DEVELOPMENT_TEAM = H4K48S49BZ;
				ENABLE_PREVIEWS = YES;
				INFOPLIST_FILE = OhMyCelsius/Info.plist;
				LD_RUNPATH_SEARCH_PATHS = (
					"$(inherited)",
					"@executable_path/Frameworks",
				);
				PRODUCT_BUNDLE_IDENTIFIER = com.wanis.OhMyCelsius;
				PRODUCT_NAME = "$(TARGET_NAME)";
				SWIFT_VERSION = 5.0;
				TARGETED_DEVICE_FAMILY = "1,2";
			};
			name = Release;
		};
/* End XCBuildConfiguration section */

/* Begin XCConfigurationList section */
		A14BDD59240168B4003A0058 /* Build configuration list for PBXProject "OhMyCelsius" */ = {
			isa = XCConfigurationList;
			buildConfigurations = (
				A14BDD70240168B7003A0058 /* Debug */,
				A14BDD71240168B7003A0058 /* Release */,
			);
			defaultConfigurationIsVisible = 0;
			defaultConfigurationName = Release;
		};
		A14BDD72240168B7003A0058 /* Build configuration list for PBXNativeTarget "OhMyCelsius" */ = {
			isa = XCConfigurationList;
			buildConfigurations = (
				A14BDD73240168B7003A0058 /* Debug */,
				A14BDD74240168B7003A0058 /* Release */,
			);
			defaultConfigurationIsVisible = 0;
			defaultConfigurationName = Release;
		};
/* End XCConfigurationList section */
	};
	rootObject = A14BDD56240168B4003A0058 /* Project object */;
}
