// !$*UTF8*$!
{
	archiveVersion = 1;
	classes = {
	};
	objectVersion = 50;
	objects = {

/* Begin PBXBuildFile section */
		ECC3F0AC242506B500AB770A /* AppDelegate.swift in Sources */ = {isa = PBXBuildFile; fileRef = ECC3F0AB242506B500AB770A /* AppDelegate.swift */; };
		ECC3F0AE242506B500AB770A /* ContentView.swift in Sources */ = {isa = PBXBuildFile; fileRef = ECC3F0AD242506B500AB770A /* ContentView.swift */; };
		ECC3F0B0242506B800AB770A /* Assets.xcassets in Resources */ = {isa = PBXBuildFile; fileRef = ECC3F0AF242506B800AB770A /* Assets.xcassets */; };
		ECC3F0B3242506B800AB770A /* Preview Assets.xcassets in Resources */ = {isa = PBXBuildFile; fileRef = ECC3F0B2242506B800AB770A /* Preview Assets.xcassets */; };
		ECC3F0B6242506B800AB770A /* Main.storyboard in Resources */ = {isa = PBXBuildFile; fileRef = ECC3F0B4242506B800AB770A /* Main.storyboard */; };
		ECC3F0BF24250C6900AB770A /* TypingWindow.swift in Sources */ = {isa = PBXBuildFile; fileRef = ECC3F0BE24250C6900AB770A /* TypingWindow.swift */; };
/* End PBXBuildFile section */

/* Begin PBXFileReference section */
		ECC3F0A8242506B500AB770A /* SpeedMath.app */ = {isa = PBXFileReference; explicitFileType = wrapper.application; includeInIndex = 0; path = SpeedMath.app; sourceTree = BUILT_PRODUCTS_DIR; };
		ECC3F0AB242506B500AB770A /* AppDelegate.swift */ = {isa = PBXFileReference; lastKnownFileType = sourcecode.swift; path = AppDelegate.swift; sourceTree = "<group>"; };
		ECC3F0AD242506B500AB770A /* ContentView.swift */ = {isa = PBXFileReference; lastKnownFileType = sourcecode.swift; path = ContentView.swift; sourceTree = "<group>"; };
		ECC3F0AF242506B800AB770A /* Assets.xcassets */ = {isa = PBXFileReference; lastKnownFileType = folder.assetcatalog; path = Assets.xcassets; sourceTree = "<group>"; };
		ECC3F0B2242506B800AB770A /* Preview Assets.xcassets */ = {isa = PBXFileReference; lastKnownFileType = folder.assetcatalog; path = "Preview Assets.xcassets"; sourceTree = "<group>"; };
		ECC3F0B5242506B800AB770A /* Base */ = {isa = PBXFileReference; lastKnownFileType = file.storyboard; name = Base; path = Base.lproj/Main.storyboard; sourceTree = "<group>"; };
		ECC3F0B7242506B800AB770A /* Info.plist */ = {isa = PBXFileReference; lastKnownFileType = text.plist.xml; path = Info.plist; sourceTree = "<group>"; };
		ECC3F0B8242506B800AB770A /* SpeedMath.entitlements */ = {isa = PBXFileReference; lastKnownFileType = text.plist.entitlements; path = SpeedMath.entitlements; sourceTree = "<group>"; };
		ECC3F0BE24250C6900AB770A /* TypingWindow.swift */ = {isa = PBXFileReference; lastKnownFileType = sourcecode.swift; path = TypingWindow.swift; sourceTree = "<group>"; };
/* End PBXFileReference section */

/* Begin PBXFrameworksBuildPhase section */
		ECC3F0A5242506B500AB770A /* Frameworks */ = {
			isa = PBXFrameworksBuildPhase;
			buildActionMask = 2147483647;
			files = (
			);
			runOnlyForDeploymentPostprocessing = 0;
		};
/* End PBXFrameworksBuildPhase section */

/* Begin PBXGroup section */
		ECC3F09F242506B500AB770A = {
			isa = PBXGroup;
			children = (
				ECC3F0AA242506B500AB770A /* SpeedMath */,
				ECC3F0A9242506B500AB770A /* Products */,
			);
			sourceTree = "<group>";
		};
		ECC3F0A9242506B500AB770A /* Products */ = {
			isa = PBXGroup;
			children = (
				ECC3F0A8242506B500AB770A /* SpeedMath.app */,
			);
			name = Products;
			sourceTree = "<group>";
		};
		ECC3F0AA242506B500AB770A /* SpeedMath */ = {
			isa = PBXGroup;
			children = (
				ECC3F0BE24250C6900AB770A /* TypingWindow.swift */,
				ECC3F0AB242506B500AB770A /* AppDelegate.swift */,
				ECC3F0AD242506B500AB770A /* ContentView.swift */,
				ECC3F0AF242506B800AB770A /* Assets.xcassets */,
				ECC3F0B4242506B800AB770A /* Main.storyboard */,
				ECC3F0B7242506B800AB770A /* Info.plist */,
				ECC3F0B8242506B800AB770A /* SpeedMath.entitlements */,
				ECC3F0B1242506B800AB770A /* Preview Content */,
			);
			path = SpeedMath;
			sourceTree = "<group>";
		};
		ECC3F0B1242506B800AB770A /* Preview Content */ = {
			isa = PBXGroup;
			children = (
				ECC3F0B2242506B800AB770A /* Preview Assets.xcassets */,
			);
			path = "Preview Content";
			sourceTree = "<group>";
		};
/* End PBXGroup section */

/* Begin PBXNativeTarget section */
		ECC3F0A7242506B500AB770A /* SpeedMath */ = {
			isa = PBXNativeTarget;
			buildConfigurationList = ECC3F0BB242506B800AB770A /* Build configuration list for PBXNativeTarget "SpeedMath" */;
			buildPhases = (
				ECC3F0A4242506B500AB770A /* Sources */,
				ECC3F0A5242506B500AB770A /* Frameworks */,
				ECC3F0A6242506B500AB770A /* Resources */,
			);
			buildRules = (
			);
			dependencies = (
			);
			name = SpeedMath;
			productName = SpeedMath;
			productReference = ECC3F0A8242506B500AB770A /* SpeedMath.app */;
			productType = "com.apple.product-type.application";
		};
/* End PBXNativeTarget section */

/* Begin PBXProject section */
		ECC3F0A0242506B500AB770A /* Project object */ = {
			isa = PBXProject;
			attributes = {
				LastSwiftUpdateCheck = 1130;
				LastUpgradeCheck = 1130;
				ORGANIZATIONNAME = "Wanis Co.";
				TargetAttributes = {
					ECC3F0A7242506B500AB770A = {
						CreatedOnToolsVersion = 11.3.1;
					};
				};
			};
			buildConfigurationList = ECC3F0A3242506B500AB770A /* Build configuration list for PBXProject "SpeedMath" */;
			compatibilityVersion = "Xcode 9.3";
			developmentRegion = en;
			hasScannedForEncodings = 0;
			knownRegions = (
				en,
				Base,
			);
			mainGroup = ECC3F09F242506B500AB770A;
			productRefGroup = ECC3F0A9242506B500AB770A /* Products */;
			projectDirPath = "";
			projectRoot = "";
			targets = (
				ECC3F0A7242506B500AB770A /* SpeedMath */,
			);
		};
/* End PBXProject section */

/* Begin PBXResourcesBuildPhase section */
		ECC3F0A6242506B500AB770A /* Resources */ = {
			isa = PBXResourcesBuildPhase;
			buildActionMask = 2147483647;
			files = (
				ECC3F0B6242506B800AB770A /* Main.storyboard in Resources */,
				ECC3F0B3242506B800AB770A /* Preview Assets.xcassets in Resources */,
				ECC3F0B0242506B800AB770A /* Assets.xcassets in Resources */,
			);
			runOnlyForDeploymentPostprocessing = 0;
		};
/* End PBXResourcesBuildPhase section */

/* Begin PBXSourcesBuildPhase section */
		ECC3F0A4242506B500AB770A /* Sources */ = {
			isa = PBXSourcesBuildPhase;
			buildActionMask = 2147483647;
			files = (
				ECC3F0BF24250C6900AB770A /* TypingWindow.swift in Sources */,
				ECC3F0AE242506B500AB770A /* ContentView.swift in Sources */,
				ECC3F0AC242506B500AB770A /* AppDelegate.swift in Sources */,
			);
			runOnlyForDeploymentPostprocessing = 0;
		};
/* End PBXSourcesBuildPhase section */

/* Begin PBXVariantGroup section */
		ECC3F0B4242506B800AB770A /* Main.storyboard */ = {
			isa = PBXVariantGroup;
			children = (
				ECC3F0B5242506B800AB770A /* Base */,
			);
			name = Main.storyboard;
			sourceTree = "<group>";
		};
/* End PBXVariantGroup section */

/* Begin XCBuildConfiguration section */
		ECC3F0B9242506B800AB770A /* Debug */ = {
			isa = XCBuildConfiguration;
			buildSettings = {
				ALWAYS_SEARCH_USER_PATHS = NO;
				CLANG_ANALYZER_NONNULL = YES;
				CLANG_ANALYZER_NUMBER_OBJECT_CONVERSION = YES_AGGRESSIVE;
				CLANG_CXX_LANGUAGE_STANDARD = "gnu++14";
				CLANG_CXX_LIBRARY = "libc++";
				CLANG_ENABLE_MODULES = YES;
				CLANG_ENABLE_OBJC_ARC = YES;
				CLANG_ENABLE_OBJC_WEAK = YES;
				CLANG_WARN_BLOCK_CAPTURE_AUTORELEASING = YES;
				CLANG_WARN_BOOL_CONVERSION = YES;
				CLANG_WARN_COMMA = YES;
				CLANG_WARN_CONSTANT_CONVERSION = YES;
				CLANG_WARN_DEPRECATED_OBJC_IMPLEMENTATIONS = YES;
				CLANG_WARN_DIRECT_OBJC_ISA_USAGE = YES_ERROR;
				CLANG_WARN_DOCUMENTATION_COMMENTS = YES;
				CLANG_WARN_EMPTY_BODY = YES;
				CLANG_WARN_ENUM_CONVERSION = YES;
				CLANG_WARN_INFINITE_RECURSION = YES;
				CLANG_WARN_INT_CONVERSION = YES;
				CLANG_WARN_NON_LITERAL_NULL_CONVERSION = YES;
				CLANG_WARN_OBJC_IMPLICIT_RETAIN_SELF = YES;
				CLANG_WARN_OBJC_LITERAL_CONVERSION = YES;
				CLANG_WARN_OBJC_ROOT_CLASS = YES_ERROR;
				CLANG_WARN_RANGE_LOOP_ANALYSIS = YES;
				CLANG_WARN_STRICT_PROTOTYPES = YES;
				CLANG_WARN_SUSPICIOUS_MOVE = YES;
				CLANG_WARN_UNGUARDED_AVAILABILITY = YES_AGGRESSIVE;
				CLANG_WARN_UNREACHABLE_CODE = YES;
				CLANG_WARN__DUPLICATE_METHOD_MATCH = YES;
				COPY_PHASE_STRIP = NO;
				DEBUG_INFORMATION_FORMAT = dwarf;
				ENABLE_STRICT_OBJC_MSGSEND = YES;
				ENABLE_TESTABILITY = YES;
				GCC_C_LANGUAGE_STANDARD = gnu11;
				GCC_DYNAMIC_NO_PIC = NO;
				GCC_NO_COMMON_BLOCKS = YES;
				GCC_OPTIMIZATION_LEVEL = 0;
				GCC_PREPROCESSOR_DEFINITIONS = (
					"DEBUG=1",
					"$(inherited)",
				);
				GCC_WARN_64_TO_32_BIT_CONVERSION = YES;
				GCC_WARN_ABOUT_RETURN_TYPE = YES_ERROR;
				GCC_WARN_UNDECLARED_SELECTOR = YES;
				GCC_WARN_UNINITIALIZED_AUTOS = YES_AGGRESSIVE;
				GCC_WARN_UNUSED_FUNCTION = YES;
				GCC_WARN_UNUSED_VARIABLE = YES;
				MACOSX_DEPLOYMENT_TARGET = 10.15;
				MTL_ENABLE_DEBUG_INFO = INCLUDE_SOURCE;
				MTL_FAST_MATH = YES;
				ONLY_ACTIVE_ARCH = YES;
				SDKROOT = macosx;
				SWIFT_ACTIVE_COMPILATION_CONDITIONS = DEBUG;
				SWIFT_OPTIMIZATION_LEVEL = "-Onone";
			};
			name = Debug;
		};
		ECC3F0BA242506B800AB770A /* Release */ = {
			isa = XCBuildConfiguration;
			buildSettings = {
				ALWAYS_SEARCH_USER_PATHS = NO;
				CLANG_ANALYZER_NONNULL = YES;
				CLANG_ANALYZER_NUMBER_OBJECT_CONVERSION = YES_AGGRESSIVE;
				CLANG_CXX_LANGUAGE_STANDARD = "gnu++14";
				CLANG_CXX_LIBRARY = "libc++";
				CLANG_ENABLE_MODULES = YES;
				CLANG_ENABLE_OBJC_ARC = YES;
				CLANG_ENABLE_OBJC_WEAK = YES;
				CLANG_WARN_BLOCK_CAPTURE_AUTORELEASING = YES;
				CLANG_WARN_BOOL_CONVERSION = YES;
				CLANG_WARN_COMMA = YES;
				CLANG_WARN_CONSTANT_CONVERSION = YES;
				CLANG_WARN_DEPRECATED_OBJC_IMPLEMENTATIONS = YES;
				CLANG_WARN_DIRECT_OBJC_ISA_USAGE = YES_ERROR;
				CLANG_WARN_DOCUMENTATION_COMMENTS = YES;
				CLANG_WARN_EMPTY_BODY = YES;
				CLANG_WARN_ENUM_CONVERSION = YES;
				CLANG_WARN_INFINITE_RECURSION = YES;
				CLANG_WARN_INT_CONVERSION = YES;
				CLANG_WARN_NON_LITERAL_NULL_CONVERSION = YES;
				CLANG_WARN_OBJC_IMPLICIT_RETAIN_SELF = YES;
				CLANG_WARN_OBJC_LITERAL_CONVERSION = YES;
				CLANG_WARN_OBJC_ROOT_CLASS = YES_ERROR;
				CLANG_WARN_RANGE_LOOP_ANALYSIS = YES;
				CLANG_WARN_STRICT_PROTOTYPES = YES;
				CLANG_WARN_SUSPICIOUS_MOVE = YES;
				CLANG_WARN_UNGUARDED_AVAILABILITY = YES_AGGRESSIVE;
				CLANG_WARN_UNREACHABLE_CODE = YES;
				CLANG_WARN__DUPLICATE_METHOD_MATCH = YES;
				COPY_PHASE_STRIP = NO;
				DEBUG_INFORMATION_FORMAT = "dwarf-with-dsym";
				ENABLE_NS_ASSERTIONS = NO;
				ENABLE_STRICT_OBJC_MSGSEND = YES;
				GCC_C_LANGUAGE_STANDARD = gnu11;
				GCC_NO_COMMON_BLOCKS = YES;
				GCC_WARN_64_TO_32_BIT_CONVERSION = YES;
				GCC_WARN_ABOUT_RETURN_TYPE = YES_ERROR;
				GCC_WARN_UNDECLARED_SELECTOR = YES;
				GCC_WARN_UNINITIALIZED_AUTOS = YES_AGGRESSIVE;
				GCC_WARN_UNUSED_FUNCTION = YES;
				GCC_WARN_UNUSED_VARIABLE = YES;
				MACOSX_DEPLOYMENT_TARGET = 10.15;
				MTL_ENABLE_DEBUG_INFO = NO;
				MTL_FAST_MATH = YES;
				SDKROOT = macosx;
				SWIFT_COMPILATION_MODE = wholemodule;
				SWIFT_OPTIMIZATION_LEVEL = "-O";
			};
			name = Release;
		};
		ECC3F0BC242506B800AB770A /* Debug */ = {
			isa = XCBuildConfiguration;
			buildSettings = {
				ASSETCATALOG_COMPILER_APPICON_NAME = AppIcon;
				CODE_SIGN_ENTITLEMENTS = SpeedMath/SpeedMath.entitlements;
				CODE_SIGN_STYLE = Automatic;
				COMBINE_HIDPI_IMAGES = YES;
				DEVELOPMENT_ASSET_PATHS = "\"SpeedMath/Preview Content\"";
				DEVELOPMENT_TEAM = H4K48S49BZ;
				ENABLE_HARDENED_RUNTIME = YES;
				ENABLE_PREVIEWS = YES;
				INFOPLIST_FILE = SpeedMath/Info.plist;
				LD_RUNPATH_SEARCH_PATHS = (
					"$(inherited)",
					"@executable_path/../Frameworks",
				);
				MACOSX_DEPLOYMENT_TARGET = 10.15;
				PRODUCT_BUNDLE_IDENTIFIER = com.wanis.SpeedMath;
				PRODUCT_NAME = "$(TARGET_NAME)";
				SWIFT_VERSION = 5.0;
			};
			name = Debug;
		};
		ECC3F0BD242506B800AB770A /* Release */ = {
			isa = XCBuildConfiguration;
			buildSettings = {
				ASSETCATALOG_COMPILER_APPICON_NAME = AppIcon;
				CODE_SIGN_ENTITLEMENTS = SpeedMath/SpeedMath.entitlements;
				CODE_SIGN_STYLE = Automatic;
				COMBINE_HIDPI_IMAGES = YES;
				DEVELOPMENT_ASSET_PATHS = "\"SpeedMath/Preview Content\"";
				DEVELOPMENT_TEAM = H4K48S49BZ;
				ENABLE_HARDENED_RUNTIME = YES;
				ENABLE_PREVIEWS = YES;
				INFOPLIST_FILE = SpeedMath/Info.plist;
				LD_RUNPATH_SEARCH_PATHS = (
					"$(inherited)",
					"@executable_path/../Frameworks",
				);
				MACOSX_DEPLOYMENT_TARGET = 10.15;
				PRODUCT_BUNDLE_IDENTIFIER = com.wanis.SpeedMath;
				PRODUCT_NAME = "$(TARGET_NAME)";
				SWIFT_VERSION = 5.0;
			};
			name = Release;
		};
/* End XCBuildConfiguration section */

/* Begin XCConfigurationList section */
		ECC3F0A3242506B500AB770A /* Build configuration list for PBXProject "SpeedMath" */ = {
			isa = XCConfigurationList;
			buildConfigurations = (
				ECC3F0B9242506B800AB770A /* Debug */,
				ECC3F0BA242506B800AB770A /* Release */,
			);
			defaultConfigurationIsVisible = 0;
			defaultConfigurationName = Release;
		};
		ECC3F0BB242506B800AB770A /* Build configuration list for PBXNativeTarget "SpeedMath" */ = {
			isa = XCConfigurationList;
			buildConfigurations = (
				ECC3F0BC242506B800AB770A /* Debug */,
				ECC3F0BD242506B800AB770A /* Release */,
			);
			defaultConfigurationIsVisible = 0;
			defaultConfigurationName = Release;
		};
/* End XCConfigurationList section */
	};
	rootObject = ECC3F0A0242506B500AB770A /* Project object */;
}
