// !$*UTF8*$!
{
	archiveVersion = 1;
	classes = {
	};
	objectVersion = 50;
	objects = {

/* Begin PBXBuildFile section */
		A1119C04244CAF3B00BFA2F3 /* AppDelegate.swift in Sources */ = {isa = PBXBuildFile; fileRef = A1119C03244CAF3B00BFA2F3 /* AppDelegate.swift */; };
		A1119C06244CAF3B00BFA2F3 /* SceneDelegate.swift in Sources */ = {isa = PBXBuildFile; fileRef = A1119C05244CAF3B00BFA2F3 /* SceneDelegate.swift */; };
		A1119C08244CAF3B00BFA2F3 /* ContentView.swift in Sources */ = {isa = PBXBuildFile; fileRef = A1119C07244CAF3B00BFA2F3 /* ContentView.swift */; };
		A1119C0A244CAF3F00BFA2F3 /* Assets.xcassets in Resources */ = {isa = PBXBuildFile; fileRef = A1119C09244CAF3F00BFA2F3 /* Assets.xcassets */; };
		A1119C0D244CAF3F00BFA2F3 /* Preview Assets.xcassets in Resources */ = {isa = PBXBuildFile; fileRef = A1119C0C244CAF3F00BFA2F3 /* Preview Assets.xcassets */; };
		A1119C10244CAF3F00BFA2F3 /* LaunchScreen.storyboard in Resources */ = {isa = PBXBuildFile; fileRef = A1119C0E244CAF3F00BFA2F3 /* LaunchScreen.storyboard */; };
		A1119C18244CB34500BFA2F3 /* MapView.swift in Sources */ = {isa = PBXBuildFile; fileRef = A1119C17244CB34500BFA2F3 /* MapView.swift */; };
		A19902E9244CD62A001CEEE7 /* MKPointAnnotation-ObservableObject.swift in Sources */ = {isa = PBXBuildFile; fileRef = A19902E8244CD62A001CEEE7 /* MKPointAnnotation-ObservableObject.swift */; };
		A19902EB244CD6AB001CEEE7 /* EditView.swift in Sources */ = {isa = PBXBuildFile; fileRef = A19902EA244CD6AB001CEEE7 /* EditView.swift */; };
		A19902ED244CD87D001CEEE7 /* Result.swift in Sources */ = {isa = PBXBuildFile; fileRef = A19902EC244CD87D001CEEE7 /* Result.swift */; };
		A19902EF244CDC2F001CEEE7 /* MKPointAnnotation-Codable.swift in Sources */ = {isa = PBXBuildFile; fileRef = A19902EE244CDC2F001CEEE7 /* MKPointAnnotation-Codable.swift */; };
/* End PBXBuildFile section */

/* Begin PBXFileReference section */
		A1119C00244CAF3B00BFA2F3 /* BucketList.app */ = {isa = PBXFileReference; explicitFileType = wrapper.application; includeInIndex = 0; path = BucketList.app; sourceTree = BUILT_PRODUCTS_DIR; };
		A1119C03244CAF3B00BFA2F3 /* AppDelegate.swift */ = {isa = PBXFileReference; lastKnownFileType = sourcecode.swift; path = AppDelegate.swift; sourceTree = "<group>"; };
		A1119C05244CAF3B00BFA2F3 /* SceneDelegate.swift */ = {isa = PBXFileReference; lastKnownFileType = sourcecode.swift; path = SceneDelegate.swift; sourceTree = "<group>"; };
		A1119C07244CAF3B00BFA2F3 /* ContentView.swift */ = {isa = PBXFileReference; lastKnownFileType = sourcecode.swift; path = ContentView.swift; sourceTree = "<group>"; };
		A1119C09244CAF3F00BFA2F3 /* Assets.xcassets */ = {isa = PBXFileReference; lastKnownFileType = folder.assetcatalog; path = Assets.xcassets; sourceTree = "<group>"; };
		A1119C0C244CAF3F00BFA2F3 /* Preview Assets.xcassets */ = {isa = PBXFileReference; lastKnownFileType = folder.assetcatalog; path = "Preview Assets.xcassets"; sourceTree = "<group>"; };
		A1119C0F244CAF3F00BFA2F3 /* Base */ = {isa = PBXFileReference; lastKnownFileType = file.storyboard; name = Base; path = Base.lproj/LaunchScreen.storyboard; sourceTree = "<group>"; };
		A1119C11244CAF3F00BFA2F3 /* Info.plist */ = {isa = PBXFileReference; lastKnownFileType = text.plist.xml; path = Info.plist; sourceTree = "<group>"; };
		A1119C17244CB34500BFA2F3 /* MapView.swift */ = {isa = PBXFileReference; lastKnownFileType = sourcecode.swift; path = MapView.swift; sourceTree = "<group>"; };
		A19902E8244CD62A001CEEE7 /* MKPointAnnotation-ObservableObject.swift */ = {isa = PBXFileReference; lastKnownFileType = sourcecode.swift; path = "MKPointAnnotation-ObservableObject.swift"; sourceTree = "<group>"; };
		A19902EA244CD6AB001CEEE7 /* EditView.swift */ = {isa = PBXFileReference; lastKnownFileType = sourcecode.swift; path = EditView.swift; sourceTree = "<group>"; };
		A19902EC244CD87D001CEEE7 /* Result.swift */ = {isa = PBXFileReference; lastKnownFileType = sourcecode.swift; path = Result.swift; sourceTree = "<group>"; };
		A19902EE244CDC2F001CEEE7 /* MKPointAnnotation-Codable.swift */ = {isa = PBXFileReference; lastKnownFileType = sourcecode.swift; path = "MKPointAnnotation-Codable.swift"; sourceTree = "<group>"; };
/* End PBXFileReference section */

/* Begin PBXFrameworksBuildPhase section */
		A1119BFD244CAF3B00BFA2F3 /* Frameworks */ = {
			isa = PBXFrameworksBuildPhase;
			buildActionMask = 2147483647;
			files = (
			);
			runOnlyForDeploymentPostprocessing = 0;
		};
/* End PBXFrameworksBuildPhase section */

/* Begin PBXGroup section */
		A1119BF7244CAF3B00BFA2F3 = {
			isa = PBXGroup;
			children = (
				A1119C02244CAF3B00BFA2F3 /* BucketList */,
				A1119C01244CAF3B00BFA2F3 /* Products */,
			);
			sourceTree = "<group>";
		};
		A1119C01244CAF3B00BFA2F3 /* Products */ = {
			isa = PBXGroup;
			children = (
				A1119C00244CAF3B00BFA2F3 /* BucketList.app */,
			);
			name = Products;
			sourceTree = "<group>";
		};
		A1119C02244CAF3B00BFA2F3 /* BucketList */ = {
			isa = PBXGroup;
			children = (
				A1119C03244CAF3B00BFA2F3 /* AppDelegate.swift */,
				A1119C05244CAF3B00BFA2F3 /* SceneDelegate.swift */,
				A1119C07244CAF3B00BFA2F3 /* ContentView.swift */,
				A19902EA244CD6AB001CEEE7 /* EditView.swift */,
				A1119C17244CB34500BFA2F3 /* MapView.swift */,
				A19902E8244CD62A001CEEE7 /* MKPointAnnotation-ObservableObject.swift */,
				A19902EE244CDC2F001CEEE7 /* MKPointAnnotation-Codable.swift */,
				A19902EC244CD87D001CEEE7 /* Result.swift */,
				A1119C09244CAF3F00BFA2F3 /* Assets.xcassets */,
				A1119C0E244CAF3F00BFA2F3 /* LaunchScreen.storyboard */,
				A1119C11244CAF3F00BFA2F3 /* Info.plist */,
				A1119C0B244CAF3F00BFA2F3 /* Preview Content */,
			);
			path = BucketList;
			sourceTree = "<group>";
		};
		A1119C0B244CAF3F00BFA2F3 /* Preview Content */ = {
			isa = PBXGroup;
			children = (
				A1119C0C244CAF3F00BFA2F3 /* Preview Assets.xcassets */,
			);
			path = "Preview Content";
			sourceTree = "<group>";
		};
/* End PBXGroup section */

/* Begin PBXNativeTarget section */
		A1119BFF244CAF3B00BFA2F3 /* BucketList */ = {
			isa = PBXNativeTarget;
			buildConfigurationList = A1119C14244CAF3F00BFA2F3 /* Build configuration list for PBXNativeTarget "BucketList" */;
			buildPhases = (
				A1119BFC244CAF3B00BFA2F3 /* Sources */,
				A1119BFD244CAF3B00BFA2F3 /* Frameworks */,
				A1119BFE244CAF3B00BFA2F3 /* Resources */,
			);
			buildRules = (
			);
			dependencies = (
			);
			name = BucketList;
			productName = BucketList;
			productReference = A1119C00244CAF3B00BFA2F3 /* BucketList.app */;
			productType = "com.apple.product-type.application";
		};
/* End PBXNativeTarget section */

/* Begin PBXProject section */
		A1119BF8244CAF3B00BFA2F3 /* Project object */ = {
			isa = PBXProject;
			attributes = {
				LastSwiftUpdateCheck = 1140;
				LastUpgradeCheck = 1140;
				ORGANIZATIONNAME = "Munir Wanis";
				TargetAttributes = {
					A1119BFF244CAF3B00BFA2F3 = {
						CreatedOnToolsVersion = 11.4.1;
					};
				};
			};
			buildConfigurationList = A1119BFB244CAF3B00BFA2F3 /* Build configuration list for PBXProject "BucketList" */;
			compatibilityVersion = "Xcode 9.3";
			developmentRegion = en;
			hasScannedForEncodings = 0;
			knownRegions = (
				en,
				Base,
			);
			mainGroup = A1119BF7244CAF3B00BFA2F3;
			productRefGroup = A1119C01244CAF3B00BFA2F3 /* Products */;
			projectDirPath = "";
			projectRoot = "";
			targets = (
				A1119BFF244CAF3B00BFA2F3 /* BucketList */,
			);
		};
/* End PBXProject section */

/* Begin PBXResourcesBuildPhase section */
		A1119BFE244CAF3B00BFA2F3 /* Resources */ = {
			isa = PBXResourcesBuildPhase;
			buildActionMask = 2147483647;
			files = (
				A1119C10244CAF3F00BFA2F3 /* LaunchScreen.storyboard in Resources */,
				A1119C0D244CAF3F00BFA2F3 /* Preview Assets.xcassets in Resources */,
				A1119C0A244CAF3F00BFA2F3 /* Assets.xcassets in Resources */,
			);
			runOnlyForDeploymentPostprocessing = 0;
		};
/* End PBXResourcesBuildPhase section */

/* Begin PBXSourcesBuildPhase section */
		A1119BFC244CAF3B00BFA2F3 /* Sources */ = {
			isa = PBXSourcesBuildPhase;
			buildActionMask = 2147483647;
			files = (
				A1119C04244CAF3B00BFA2F3 /* AppDelegate.swift in Sources */,
				A1119C18244CB34500BFA2F3 /* MapView.swift in Sources */,
				A19902EB244CD6AB001CEEE7 /* EditView.swift in Sources */,
				A1119C06244CAF3B00BFA2F3 /* SceneDelegate.swift in Sources */,
				A19902ED244CD87D001CEEE7 /* Result.swift in Sources */,
				A19902E9244CD62A001CEEE7 /* MKPointAnnotation-ObservableObject.swift in Sources */,
				A19902EF244CDC2F001CEEE7 /* MKPointAnnotation-Codable.swift in Sources */,
				A1119C08244CAF3B00BFA2F3 /* ContentView.swift in Sources */,
			);
			runOnlyForDeploymentPostprocessing = 0;
		};
/* End PBXSourcesBuildPhase section */

/* Begin PBXVariantGroup section */
		A1119C0E244CAF3F00BFA2F3 /* LaunchScreen.storyboard */ = {
			isa = PBXVariantGroup;
			children = (
				A1119C0F244CAF3F00BFA2F3 /* Base */,
			);
			name = LaunchScreen.storyboard;
			sourceTree = "<group>";
		};
/* End PBXVariantGroup section */

/* Begin XCBuildConfiguration section */
		A1119C12244CAF3F00BFA2F3 /* Debug */ = {
			isa = XCBuildConfiguration;
			buildSettings = {
				ALWAYS_SEARCH_USER_PATHS = NO;
				CLANG_ANALYZER_NONNULL = YES;
				CLANG_ANALYZER_NUMBER_OBJECT_CONVERSION = YES_AGGRESSIVE;
				CLANG_CXX_LANGUAGE_STANDARD = "gnu++14";
				CLANG_CXX_LIBRARY = "libc++";
				CLANG_ENABLE_MODULES = YES;
				CLANG_ENABLE_OBJC_ARC = YES;
				CLANG_ENABLE_OBJC_WEAK = YES;
				CLANG_WARN_BLOCK_CAPTURE_AUTORELEASING = YES;
				CLANG_WARN_BOOL_CONVERSION = YES;
				CLANG_WARN_COMMA = YES;
				CLANG_WARN_CONSTANT_CONVERSION = YES;
				CLANG_WARN_DEPRECATED_OBJC_IMPLEMENTATIONS = YES;
				CLANG_WARN_DIRECT_OBJC_ISA_USAGE = YES_ERROR;
				CLANG_WARN_DOCUMENTATION_COMMENTS = YES;
				CLANG_WARN_EMPTY_BODY = YES;
				CLANG_WARN_ENUM_CONVERSION = YES;
				CLANG_WARN_INFINITE_RECURSION = YES;
				CLANG_WARN_INT_CONVERSION = YES;
				CLANG_WARN_NON_LITERAL_NULL_CONVERSION = YES;
				CLANG_WARN_OBJC_IMPLICIT_RETAIN_SELF = YES;
				CLANG_WARN_OBJC_LITERAL_CONVERSION = YES;
				CLANG_WARN_OBJC_ROOT_CLASS = YES_ERROR;
				CLANG_WARN_RANGE_LOOP_ANALYSIS = YES;
				CLANG_WARN_STRICT_PROTOTYPES = YES;
				CLANG_WARN_SUSPICIOUS_MOVE = YES;
				CLANG_WARN_UNGUARDED_AVAILABILITY = YES_AGGRESSIVE;
				CLANG_WARN_UNREACHABLE_CODE = YES;
				CLANG_WARN__DUPLICATE_METHOD_MATCH = YES;
				COPY_PHASE_STRIP = NO;
				DEBUG_INFORMATION_FORMAT = dwarf;
				ENABLE_STRICT_OBJC_MSGSEND = YES;
				ENABLE_TESTABILITY = YES;
				GCC_C_LANGUAGE_STANDARD = gnu11;
				GCC_DYNAMIC_NO_PIC = NO;
				GCC_NO_COMMON_BLOCKS = YES;
				GCC_OPTIMIZATION_LEVEL = 0;
				GCC_PREPROCESSOR_DEFINITIONS = (
					"DEBUG=1",
					"$(inherited)",
				);
				GCC_WARN_64_TO_32_BIT_CONVERSION = YES;
				GCC_WARN_ABOUT_RETURN_TYPE = YES_ERROR;
				GCC_WARN_UNDECLARED_SELECTOR = YES;
				GCC_WARN_UNINITIALIZED_AUTOS = YES_AGGRESSIVE;
				GCC_WARN_UNUSED_FUNCTION = YES;
				GCC_WARN_UNUSED_VARIABLE = YES;
				IPHONEOS_DEPLOYMENT_TARGET = 13.4;
				MTL_ENABLE_DEBUG_INFO = INCLUDE_SOURCE;
				MTL_FAST_MATH = YES;
				ONLY_ACTIVE_ARCH = YES;
				SDKROOT = iphoneos;
				SWIFT_ACTIVE_COMPILATION_CONDITIONS = DEBUG;
				SWIFT_OPTIMIZATION_LEVEL = "-Onone";
			};
			name = Debug;
		};
		A1119C13244CAF3F00BFA2F3 /* Release */ = {
			isa = XCBuildConfiguration;
			buildSettings = {
				ALWAYS_SEARCH_USER_PATHS = NO;
				CLANG_ANALYZER_NONNULL = YES;
				CLANG_ANALYZER_NUMBER_OBJECT_CONVERSION = YES_AGGRESSIVE;
				CLANG_CXX_LANGUAGE_STANDARD = "gnu++14";
				CLANG_CXX_LIBRARY = "libc++";
				CLANG_ENABLE_MODULES = YES;
				CLANG_ENABLE_OBJC_ARC = YES;
				CLANG_ENABLE_OBJC_WEAK = YES;
				CLANG_WARN_BLOCK_CAPTURE_AUTORELEASING = YES;
				CLANG_WARN_BOOL_CONVERSION = YES;
				CLANG_WARN_COMMA = YES;
				CLANG_WARN_CONSTANT_CONVERSION = YES;
				CLANG_WARN_DEPRECATED_OBJC_IMPLEMENTATIONS = YES;
				CLANG_WARN_DIRECT_OBJC_ISA_USAGE = YES_ERROR;
				CLANG_WARN_DOCUMENTATION_COMMENTS = YES;
				CLANG_WARN_EMPTY_BODY = YES;
				CLANG_WARN_ENUM_CONVERSION = YES;
				CLANG_WARN_INFINITE_RECURSION = YES;
				CLANG_WARN_INT_CONVERSION = YES;
				CLANG_WARN_NON_LITERAL_NULL_CONVERSION = YES;
				CLANG_WARN_OBJC_IMPLICIT_RETAIN_SELF = YES;
				CLANG_WARN_OBJC_LITERAL_CONVERSION = YES;
				CLANG_WARN_OBJC_ROOT_CLASS = YES_ERROR;
				CLANG_WARN_RANGE_LOOP_ANALYSIS = YES;
				CLANG_WARN_STRICT_PROTOTYPES = YES;
				CLANG_WARN_SUSPICIOUS_MOVE = YES;
				CLANG_WARN_UNGUARDED_AVAILABILITY = YES_AGGRESSIVE;
				CLANG_WARN_UNREACHABLE_CODE = YES;
				CLANG_WARN__DUPLICATE_METHOD_MATCH = YES;
				COPY_PHASE_STRIP = NO;
				DEBUG_INFORMATION_FORMAT = "dwarf-with-dsym";
				ENABLE_NS_ASSERTIONS = NO;
				ENABLE_STRICT_OBJC_MSGSEND = YES;
				GCC_C_LANGUAGE_STANDARD = gnu11;
				GCC_NO_COMMON_BLOCKS = YES;
				GCC_WARN_64_TO_32_BIT_CONVERSION = YES;
				GCC_WARN_ABOUT_RETURN_TYPE = YES_ERROR;
				GCC_WARN_UNDECLARED_SELECTOR = YES;
				GCC_WARN_UNINITIALIZED_AUTOS = YES_AGGRESSIVE;
				GCC_WARN_UNUSED_FUNCTION = YES;
				GCC_WARN_UNUSED_VARIABLE = YES;
				IPHONEOS_DEPLOYMENT_TARGET = 13.4;
				MTL_ENABLE_DEBUG_INFO = NO;
				MTL_FAST_MATH = YES;
				SDKROOT = iphoneos;
				SWIFT_COMPILATION_MODE = wholemodule;
				SWIFT_OPTIMIZATION_LEVEL = "-O";
				VALIDATE_PRODUCT = YES;
			};
			name = Release;
		};
		A1119C15244CAF3F00BFA2F3 /* Debug */ = {
			isa = XCBuildConfiguration;
			buildSettings = {
				ASSETCATALOG_COMPILER_APPICON_NAME = AppIcon;
				CODE_SIGN_STYLE = Automatic;
				DEVELOPMENT_ASSET_PATHS = "\"BucketList/Preview Content\"";
				DEVELOPMENT_TEAM = H4K48S49BZ;
				ENABLE_PREVIEWS = YES;
				INFOPLIST_FILE = BucketList/Info.plist;
				LD_RUNPATH_SEARCH_PATHS = (
					"$(inherited)",
					"@executable_path/Frameworks",
				);
				PRODUCT_BUNDLE_IDENTIFIER = com.wanis.BucketList;
				PRODUCT_NAME = "$(TARGET_NAME)";
				SWIFT_VERSION = 5.0;
				TARGETED_DEVICE_FAMILY = "1,2";
			};
			name = Debug;
		};
		A1119C16244CAF3F00BFA2F3 /* Release */ = {
			isa = XCBuildConfiguration;
			buildSettings = {
				ASSETCATALOG_COMPILER_APPICON_NAME = AppIcon;
				CODE_SIGN_STYLE = Automatic;
				DEVELOPMENT_ASSET_PATHS = "\"BucketList/Preview Content\"";
				DEVELOPMENT_TEAM = H4K48S49BZ;
				ENABLE_PREVIEWS = YES;
				INFOPLIST_FILE = BucketList/Info.plist;
				LD_RUNPATH_SEARCH_PATHS = (
					"$(inherited)",
					"@executable_path/Frameworks",
				);
				PRODUCT_BUNDLE_IDENTIFIER = com.wanis.BucketList;
				PRODUCT_NAME = "$(TARGET_NAME)";
				SWIFT_VERSION = 5.0;
				TARGETED_DEVICE_FAMILY = "1,2";
			};
			name = Release;
		};
/* End XCBuildConfiguration section */

/* Begin XCConfigurationList section */
		A1119BFB244CAF3B00BFA2F3 /* Build configuration list for PBXProject "BucketList" */ = {
			isa = XCConfigurationList;
			buildConfigurations = (
				A1119C12244CAF3F00BFA2F3 /* Debug */,
				A1119C13244CAF3F00BFA2F3 /* Release */,
			);
			defaultConfigurationIsVisible = 0;
			defaultConfigurationName = Release;
		};
		A1119C14244CAF3F00BFA2F3 /* Build configuration list for PBXNativeTarget "BucketList" */ = {
			isa = XCConfigurationList;
			buildConfigurations = (
				A1119C15244CAF3F00BFA2F3 /* Debug */,
				A1119C16244CAF3F00BFA2F3 /* Release */,
			);
			defaultConfigurationIsVisible = 0;
			defaultConfigurationName = Release;
		};
/* End XCConfigurationList section */
	};
	rootObject = A1119BF8244CAF3B00BFA2F3 /* Project object */;
}
